
Microsoft Visual Studio Solution File, Format Version 11.00
# Visual Studio 2010
Project("{FAE04EC0-301F-11D3-BF4B-00C04F79EFBC}") = "AppBox", "AppBox.csproj", "{5401602F-3AA3-439C-B28B-061816904C8A}"
EndProject
Global
	GlobalSection(SolutionConfigurationPlatforms) = preSolution
		Debug|Any CPU = Debug|Any CPU
		Release|Any CPU = Release|Any CPU
	EndGlobalSection
	GlobalSection(ProjectConfigurationPlatforms) = postSolution
		{5401602F-3AA3-439C-B28B-061816904C8A}.Debug|Any CPU.ActiveCfg = Debug|Any CPU
		{5401602F-3AA3-439C-B28B-061816904C8A}.Debug|Any CPU.Build.0 = Debug|Any CPU
		{5401602F-3AA3-439C-B28B-061816904C8A}.Release|Any CPU.ActiveCfg = Release|Any CPU
		{5401602F-3AA3-439C-B28B-061816904C8A}.Release|Any CPU.Build.0 = Release|Any CPU
	EndGlobalSection
	GlobalSection(SolutionProperties) = preSolution
		HideSolutionNode = FALSE
	EndGlobalSection
EndGlobal
